
Microsoft Visual Studio Solution File, Format Version 11.00
# Visual Studio 2010
Project("{FAE04EC0-301F-11D3-BF4B-00C04F79EFBC}") = "Fungus", "Fungus.csproj", "{cdf7bca0-044e-a8f6-8a2b-dd4fd73c9fa3}"
EndProject
Project("{FAE04EC0-301F-11D3-BF4B-00C04F79EFBC}") = "FungusExamples", "FungusExamples.csproj", "{27dbb133-85b5-f91b-e5c0-ce7211f59c97}"
EndProject
Project("{FAE04EC0-301F-11D3-BF4B-00C04F79EFBC}") = "Assembly-CSharp", "Assembly-CSharp.csproj", "{4af37194-e9c2-7e0e-5fed-982fd7e067d9}"
EndProject
Project("{FAE04EC0-301F-11D3-BF4B-00C04F79EFBC}") = "FungusEditor", "FungusEditor.csproj", "{70762ff2-ff1a-e4ec-ab27-0501ab06b99b}"
EndProject
Project("{FAE04EC0-301F-11D3-BF4B-00C04F79EFBC}") = "Fungus.FungusLuaJSONCheckerEditor", "Fungus.FungusLuaJSONCheckerEditor.csproj", "{e0a691f5-dc09-b927-43a1-6cde5609c091}"
EndProject
Project("{FAE04EC0-301F-11D3-BF4B-00C04F79EFBC}") = "Fungus.FungusLuaEditor", "Fungus.FungusLuaEditor.csproj", "{dd75f0ce-9f82-97c6-4b0d-fd6bdad5639f}"
EndProject
Project("{FAE04EC0-301F-11D3-BF4B-00C04F79EFBC}") = "Fungus.UsfxrEditor", "Fungus.UsfxrEditor.csproj", "{b5ad3297-97d4-acd7-faaf-910f9d034c62}"
EndProject
Project("{FAE04EC0-301F-11D3-BF4B-00C04F79EFBC}") = "Fungus.LineEndingsEditor", "Fungus.LineEndingsEditor.csproj", "{e3c2a6e6-f8c5-5aeb-c953-a70686330d2d}"
EndProject
Global
	GlobalSection(SolutionConfigurationPlatforms) = preSolution
		Debug|Any CPU = Debug|Any CPU
	EndGlobalSection
	GlobalSection(ProjectConfigurationPlatforms) = postSolution
		{cdf7bca0-044e-a8f6-8a2b-dd4fd73c9fa3}.Debug|Any CPU.ActiveCfg = Debug|Any CPU
		{cdf7bca0-044e-a8f6-8a2b-dd4fd73c9fa3}.Debug|Any CPU.Build.0 = Debug|Any CPU
		{27dbb133-85b5-f91b-e5c0-ce7211f59c97}.Debug|Any CPU.ActiveCfg = Debug|Any CPU
		{27dbb133-85b5-f91b-e5c0-ce7211f59c97}.Debug|Any CPU.Build.0 = Debug|Any CPU
		{4af37194-e9c2-7e0e-5fed-982fd7e067d9}.Debug|Any CPU.ActiveCfg = Debug|Any CPU
		{4af37194-e9c2-7e0e-5fed-982fd7e067d9}.Debug|Any CPU.Build.0 = Debug|Any CPU
		{70762ff2-ff1a-e4ec-ab27-0501ab06b99b}.Debug|Any CPU.ActiveCfg = Debug|Any CPU
		{70762ff2-ff1a-e4ec-ab27-0501ab06b99b}.Debug|Any CPU.Build.0 = Debug|Any CPU
		{e0a691f5-dc09-b927-43a1-6cde5609c091}.Debug|Any CPU.ActiveCfg = Debug|Any CPU
		{e0a691f5-dc09-b927-43a1-6cde5609c091}.Debug|Any CPU.Build.0 = Debug|Any CPU
		{dd75f0ce-9f82-97c6-4b0d-fd6bdad5639f}.Debug|Any CPU.ActiveCfg = Debug|Any CPU
		{dd75f0ce-9f82-97c6-4b0d-fd6bdad5639f}.Debug|Any CPU.Build.0 = Debug|Any CPU
		{b5ad3297-97d4-acd7-faaf-910f9d034c62}.Debug|Any CPU.ActiveCfg = Debug|Any CPU
		{b5ad3297-97d4-acd7-faaf-910f9d034c62}.Debug|Any CPU.Build.0 = Debug|Any CPU
		{e3c2a6e6-f8c5-5aeb-c953-a70686330d2d}.Debug|Any CPU.ActiveCfg = Debug|Any CPU
		{e3c2a6e6-f8c5-5aeb-c953-a70686330d2d}.Debug|Any CPU.Build.0 = Debug|Any CPU
	EndGlobalSection
	GlobalSection(SolutionProperties) = preSolution
		HideSolutionNode = FALSE
	EndGlobalSection
EndGlobal
